<?xml version="1.0" encoding="utf-8"?>
<Project ToolsVersion="17.0" xmlns="http://schemas.microsoft.com/developer/msbuild/2003">
  <ItemGroup>
    <ClCompile Include="D:\Github\ICG4\AnaEx02.cc">
      <Filter>Source Files</Filter>
    </ClCompile>
    <ClCompile Include="D:\Github\ICG4\src\ActionInitialization.cc">
      <Filter>Source Files</Filter>
    </ClCompile>
    <ClCompile Include="D:\Github\ICG4\src\DetectorConstruction.cc">
      <Filter>Source Files</Filter>
    </ClCompile>
    <ClCompile Include="D:\Github\ICG4\src\DetectorHit.cc">
      <Filter>Source Files</Filter>
    </ClCompile>
    <ClCompile Include="D:\Github\ICG4\src\DetectorSD.cc">
      <Filter>Source Files</Filter>
    </ClCompile>
    <ClCompile Include="D:\Github\ICG4\src\EventAction.cc">
      <Filter>Source Files</Filter>
    </ClCompile>
    <ClCompile Include="D:\Github\ICG4\src\Field.cc">
      <Filter>Source Files</Filter>
    </ClCompile>
    <ClCompile Include="D:\Github\ICG4\src\G4LindhardPartition.cc">
      <Filter>Source Files</Filter>
    </ClCompile>
    <ClCompile Include="D:\Github\ICG4\src\G4ScreenedNuclearRecoil.cc">
      <Filter>Source Files</Filter>
    </ClCompile>
    <ClCompile Include="D:\Github\ICG4\src\HistoManager.cc">
      <Filter>Source Files</Filter>
    </ClCompile>
    <ClCompile Include="D:\Github\ICG4\src\PhysListEmStandard.cc">
      <Filter>Source Files</Filter>
    </ClCompile>
    <ClCompile Include="D:\Github\ICG4\src\PhysListEmStandardNR.cc">
      <Filter>Source Files</Filter>
    </ClCompile>
    <ClCompile Include="D:\Github\ICG4\src\PhysListEmStandardSS.cc">
      <Filter>Source Files</Filter>
    </ClCompile>
    <ClCompile Include="D:\Github\ICG4\src\PhysicsList.cc">
      <Filter>Source Files</Filter>
    </ClCompile>
    <ClCompile Include="D:\Github\ICG4\src\PrimaryGeneratorAction.cc">
      <Filter>Source Files</Filter>
    </ClCompile>
    <ClCompile Include="D:\Github\ICG4\src\RunAction.cc">
      <Filter>Source Files</Filter>
    </ClCompile>
    <ClCompile Include="D:\Github\ICG4\src\StackingAction.cc">
      <Filter>Source Files</Filter>
    </ClCompile>
    <ClCompile Include="D:\Github\ICG4\src\StackingMessenger.cc">
      <Filter>Source Files</Filter>
    </ClCompile>
    <ClCompile Include="D:\Github\ICG4\src\StepMax.cc">
      <Filter>Source Files</Filter>
    </ClCompile>
    <ClCompile Include="D:\Github\ICG4\src\StepMaxMessenger.cc">
      <Filter>Source Files</Filter>
    </ClCompile>
    <ClCompile Include="D:\Github\ICG4\src\SteppingAction.cc">
      <Filter>Source Files</Filter>
    </ClCompile>
  </ItemGroup>
  <ItemGroup>
    <ClInclude Include="D:\Github\ICG4\include\ActionInitialization.hh">
      <Filter>Header Files</Filter>
    </ClInclude>
    <ClInclude Include="D:\Github\ICG4\include\Analysis.hh">
      <Filter>Header Files</Filter>
    </ClInclude>
    <ClInclude Include="D:\Github\ICG4\include\DetectorConstruction.hh">
      <Filter>Header Files</Filter>
    </ClInclude>
    <ClInclude Include="D:\Github\ICG4\include\DetectorHit.hh">
      <Filter>Header Files</Filter>
    </ClInclude>
    <ClInclude Include="D:\Github\ICG4\include\DetectorSD.hh">
      <Filter>Header Files</Filter>
    </ClInclude>
    <ClInclude Include="D:\Github\ICG4\include\EventAction.hh">
      <Filter>Header Files</Filter>
    </ClInclude>
    <ClInclude Include="D:\Github\ICG4\include\Field.hh">
      <Filter>Header Files</Filter>
    </ClInclude>
    <ClInclude Include="D:\Github\ICG4\include\G4LindhardPartition.hh">
      <Filter>Header Files</Filter>
    </ClInclude>
    <ClInclude Include="D:\Github\ICG4\include\G4ScreenedNuclearRecoil.hh">
      <Filter>Header Files</Filter>
    </ClInclude>
    <ClInclude Include="D:\Github\ICG4\include\HistoManager.hh">
      <Filter>Header Files</Filter>
    </ClInclude>
    <ClInclude Include="D:\Github\ICG4\include\PhysListEmStandard.hh">
      <Filter>Header Files</Filter>
    </ClInclude>
    <ClInclude Include="D:\Github\ICG4\include\PhysListEmStandardNR.hh">
      <Filter>Header Files</Filter>
    </ClInclude>
    <ClInclude Include="D:\Github\ICG4\include\PhysListEmStandardSS.hh">
      <Filter>Header Files</Filter>
    </ClInclude>
    <ClInclude Include="D:\Github\ICG4\include\PhysicsList.hh">
      <Filter>Header Files</Filter>
    </ClInclude>
    <ClInclude Include="D:\Github\ICG4\include\PrimaryGeneratorAction.hh">
      <Filter>Header Files</Filter>
    </ClInclude>
    <ClInclude Include="D:\Github\ICG4\include\RunAction.hh">
      <Filter>Header Files</Filter>
    </ClInclude>
    <ClInclude Include="D:\Github\ICG4\include\StackingAction.hh">
      <Filter>Header Files</Filter>
    </ClInclude>
    <ClInclude Include="D:\Github\ICG4\include\StackingMessenger.hh">
      <Filter>Header Files</Filter>
    </ClInclude>
    <ClInclude Include="D:\Github\ICG4\include\StepMax.hh">
      <Filter>Header Files</Filter>
    </ClInclude>
    <ClInclude Include="D:\Github\ICG4\include\StepMaxMessenger.hh">
      <Filter>Header Files</Filter>
    </ClInclude>
    <ClInclude Include="D:\Github\ICG4\include\SteppingAction.hh">
      <Filter>Header Files</Filter>
    </ClInclude>
    <ClInclude Include="D:\Github\ICG4\include\c2_factory.hh">
      <Filter>Header Files</Filter>
    </ClInclude>
    <ClInclude Include="D:\Github\ICG4\include\c2_function.hh">
      <Filter>Header Files</Filter>
    </ClInclude>
  </ItemGroup>
  <ItemGroup>
    <CustomBuild Include="D:\Github\ICG4\CMakeLists.txt" />
  </ItemGroup>
  <ItemGroup>
    <Filter Include="Header Files">
      <UniqueIdentifier>{C00DB370-35DF-3134-A6DF-0E8CA73B08FF}</UniqueIdentifier>
    </Filter>
    <Filter Include="Source Files">
      <UniqueIdentifier>{ED1FA502-29D5-34E8-9ED9-7B28ACA0D466}</UniqueIdentifier>
    </Filter>
  </ItemGroup>
</Project>
