<?xml version="1.0" encoding="utf-8"?>
<Project ToolsVersion="17.0" xmlns="http://schemas.microsoft.com/developer/msbuild/2003">
  <ItemGroup>
    <Filter Include="CMake Rules">
      <UniqueIdentifier>{1156C5FA-0C70-326B-BDC2-49C10B9ECD59}</UniqueIdentifier>
    </Filter>
  </ItemGroup>
</Project>
